PODS:
  - TZMExternalPackagLib (0.1.4):
    - TZMExternalPackagLib/iflyMSC (= 0.1.4)
    - TZMExternalPackagLib/KooKongSDK (= 0.1.4)
    - TZMExternalPackagLib/TencentOpenApi (= 0.1.4)
  - TZMExternalPackagLib/iflyMSC (0.1.4)
  - TZMExternalPackagLib/KooKongSDK (0.1.4)
  - TZMExternalPackagLib/TencentOpenApi (0.1.4)

DEPENDENCIES:
  - TZMExternalPackagLib (from `../`)

EXTERNAL SOURCES:
  TZMExternalPackagLib:
    :path: "../"

SPEC CHECKSUMS:
  TZMExternalPackagLib: ba5cf060a98095962cb8c5f721ae7a196037679f

PODFILE CHECKSUM: 9c61f9395841f6747f0a44a21a04c24bf0a258b8

COCOAPODS: 1.7.0.beta.2
